
Microsoft Visual Studio Solution File, Format Version 12.00
# Visual Studio 2013
VisualStudioVersion = 12.0.31101.0
MinimumVisualStudioVersion = 10.0.40219.1
Project("{FAE04EC0-301F-11D3-BF4B-00C04F79EFBC}") = "01.SchoolClasses", "01.SchoolClasses\01.SchoolClasses.csproj", "{0EAD3A74-61DB-4F44-B202-7733B13A3395}"
EndProject
Project("{FAE04EC0-301F-11D3-BF4B-00C04F79EFBC}") = "02.StudentsAndWorkers", "02.StudentsAndWorkers\02.StudentsAndWorkers.csproj", "{FF3B9C41-F3F5-42E7-89A6-16E82E7FDB6F}"
EndProject
Project("{FAE04EC0-301F-11D3-BF4B-00C04F79EFBC}") = "03.AnimalHierarchy", "03.AnimalHierarchy\03.AnimalHierarchy.csproj", "{6F18417C-8BAB-4E07-A13E-EB11854D6FC9}"
EndProject
Global
	GlobalSection(SolutionConfigurationPlatforms) = preSolution
		Debug|Any CPU = Debug|Any CPU
		Release|Any CPU = Release|Any CPU
	EndGlobalSection
	GlobalSection(ProjectConfigurationPlatforms) = postSolution
		{0EAD3A74-61DB-4F44-B202-7733B13A3395}.Debug|Any CPU.ActiveCfg = Debug|Any CPU
		{0EAD3A74-61DB-4F44-B202-7733B13A3395}.Debug|Any CPU.Build.0 = Debug|Any CPU
		{0EAD3A74-61DB-4F44-B202-7733B13A3395}.Release|Any CPU.ActiveCfg = Release|Any CPU
		{0EAD3A74-61DB-4F44-B202-7733B13A3395}.Release|Any CPU.Build.0 = Release|Any CPU
		{FF3B9C41-F3F5-42E7-89A6-16E82E7FDB6F}.Debug|Any CPU.ActiveCfg = Debug|Any CPU
		{FF3B9C41-F3F5-42E7-89A6-16E82E7FDB6F}.Debug|Any CPU.Build.0 = Debug|Any CPU
		{FF3B9C41-F3F5-42E7-89A6-16E82E7FDB6F}.Release|Any CPU.ActiveCfg = Release|Any CPU
		{FF3B9C41-F3F5-42E7-89A6-16E82E7FDB6F}.Release|Any CPU.Build.0 = Release|Any CPU
		{6F18417C-8BAB-4E07-A13E-EB11854D6FC9}.Debug|Any CPU.ActiveCfg = Debug|Any CPU
		{6F18417C-8BAB-4E07-A13E-EB11854D6FC9}.Debug|Any CPU.Build.0 = Debug|Any CPU
		{6F18417C-8BAB-4E07-A13E-EB11854D6FC9}.Release|Any CPU.ActiveCfg = Release|Any CPU
		{6F18417C-8BAB-4E07-A13E-EB11854D6FC9}.Release|Any CPU.Build.0 = Release|Any CPU
	EndGlobalSection
	GlobalSection(SolutionProperties) = preSolution
		HideSolutionNode = FALSE
	EndGlobalSection
EndGlobal
