
Microsoft Visual Studio Solution File, Format Version 12.00
# Visual Studio 2013
VisualStudioVersion = 12.0.31101.0
MinimumVisualStudioVersion = 10.0.40219.1
Project("{FAE04EC0-301F-11D3-BF4B-00C04F79EFBC}") = "ExchangeIfGreater", "ExchangeIfGreater\ExchangeIfGreater.csproj", "{AFAC2747-6801-4F39-BA6A-7DBC03F17ECD}"
EndProject
Project("{FAE04EC0-301F-11D3-BF4B-00C04F79EFBC}") = "BonusScore", "BonusScore\BonusScore.csproj", "{DC906239-BA79-406D-88E3-F26D21C5AA75}"
EndProject
Project("{FAE04EC0-301F-11D3-BF4B-00C04F79EFBC}") = "CheckForAPlayCard", "CheckForAPlayCard\CheckForAPlayCard.csproj", "{98220D6E-047F-4CE9-9B41-ED9E1055AA08}"
EndProject
Project("{FAE04EC0-301F-11D3-BF4B-00C04F79EFBC}") = "MultiplicationSign", "MultiplicationSign\MultiplicationSign.csproj", "{E6169AAE-2F55-43E1-93C4-D06FB5719568}"
EndProject
Project("{FAE04EC0-301F-11D3-BF4B-00C04F79EFBC}") = "TheBiggestOfThreeNumbers", "TheBiggestOfThreeNumbers\TheBiggestOfThreeNumbers.csproj", "{3725E40D-1C4E-40D3-BF8F-1C78993EAF75}"
EndProject
Project("{FAE04EC0-301F-11D3-BF4B-00C04F79EFBC}") = "TheBiggestOfFiveNumbers", "TheBiggestOfFiveNumbers\TheBiggestOfFiveNumbers.csproj", "{50ED07C2-B608-440B-A645-5B8392DA8236}"
EndProject
Project("{FAE04EC0-301F-11D3-BF4B-00C04F79EFBC}") = "SortThreeNumbers", "SortThreeNumbers\SortThreeNumbers.csproj", "{3133B5CD-0810-4FCD-9BF0-3069C83E5DAD}"
EndProject
Project("{FAE04EC0-301F-11D3-BF4B-00C04F79EFBC}") = "DigitАsWord", "DigitАsWord\DigitАsWord.csproj", "{7B06DDD9-B604-4746-86CD-3D924EE00F53}"
EndProject
Project("{FAE04EC0-301F-11D3-BF4B-00C04F79EFBC}") = "IntDoubleString", "IntDoubleString\IntDoubleString.csproj", "{432C680A-936B-449A-84CD-792B32CAF4E9}"
EndProject
Project("{FAE04EC0-301F-11D3-BF4B-00C04F79EFBC}") = "BeerTime", "BeerTime\BeerTime.csproj", "{261249CC-5C15-4DF0-95C6-F0EF3E6AA783}"
EndProject
Project("{FAE04EC0-301F-11D3-BF4B-00C04F79EFBC}") = "NumberAsWords", "NumberAsWords\NumberAsWords.csproj", "{436A9CAA-AFA5-4F8D-BEA3-42F189C81C19}"
EndProject
Project("{FAE04EC0-301F-11D3-BF4B-00C04F79EFBC}") = "ZeroSubset", "ZeroSubset\ZeroSubset.csproj", "{AD916D78-26BD-4365-94EC-A1C2C77F8222}"
EndProject
Global
	GlobalSection(SolutionConfigurationPlatforms) = preSolution
		Debug|Any CPU = Debug|Any CPU
		Release|Any CPU = Release|Any CPU
	EndGlobalSection
	GlobalSection(ProjectConfigurationPlatforms) = postSolution
		{AFAC2747-6801-4F39-BA6A-7DBC03F17ECD}.Debug|Any CPU.ActiveCfg = Debug|Any CPU
		{AFAC2747-6801-4F39-BA6A-7DBC03F17ECD}.Debug|Any CPU.Build.0 = Debug|Any CPU
		{AFAC2747-6801-4F39-BA6A-7DBC03F17ECD}.Release|Any CPU.ActiveCfg = Release|Any CPU
		{AFAC2747-6801-4F39-BA6A-7DBC03F17ECD}.Release|Any CPU.Build.0 = Release|Any CPU
		{DC906239-BA79-406D-88E3-F26D21C5AA75}.Debug|Any CPU.ActiveCfg = Debug|Any CPU
		{DC906239-BA79-406D-88E3-F26D21C5AA75}.Debug|Any CPU.Build.0 = Debug|Any CPU
		{DC906239-BA79-406D-88E3-F26D21C5AA75}.Release|Any CPU.ActiveCfg = Release|Any CPU
		{DC906239-BA79-406D-88E3-F26D21C5AA75}.Release|Any CPU.Build.0 = Release|Any CPU
		{98220D6E-047F-4CE9-9B41-ED9E1055AA08}.Debug|Any CPU.ActiveCfg = Debug|Any CPU
		{98220D6E-047F-4CE9-9B41-ED9E1055AA08}.Debug|Any CPU.Build.0 = Debug|Any CPU
		{98220D6E-047F-4CE9-9B41-ED9E1055AA08}.Release|Any CPU.ActiveCfg = Release|Any CPU
		{98220D6E-047F-4CE9-9B41-ED9E1055AA08}.Release|Any CPU.Build.0 = Release|Any CPU
		{E6169AAE-2F55-43E1-93C4-D06FB5719568}.Debug|Any CPU.ActiveCfg = Debug|Any CPU
		{E6169AAE-2F55-43E1-93C4-D06FB5719568}.Debug|Any CPU.Build.0 = Debug|Any CPU
		{E6169AAE-2F55-43E1-93C4-D06FB5719568}.Release|Any CPU.ActiveCfg = Release|Any CPU
		{E6169AAE-2F55-43E1-93C4-D06FB5719568}.Release|Any CPU.Build.0 = Release|Any CPU
		{3725E40D-1C4E-40D3-BF8F-1C78993EAF75}.Debug|Any CPU.ActiveCfg = Debug|Any CPU
		{3725E40D-1C4E-40D3-BF8F-1C78993EAF75}.Debug|Any CPU.Build.0 = Debug|Any CPU
		{3725E40D-1C4E-40D3-BF8F-1C78993EAF75}.Release|Any CPU.ActiveCfg = Release|Any CPU
		{3725E40D-1C4E-40D3-BF8F-1C78993EAF75}.Release|Any CPU.Build.0 = Release|Any CPU
		{50ED07C2-B608-440B-A645-5B8392DA8236}.Debug|Any CPU.ActiveCfg = Debug|Any CPU
		{50ED07C2-B608-440B-A645-5B8392DA8236}.Debug|Any CPU.Build.0 = Debug|Any CPU
		{50ED07C2-B608-440B-A645-5B8392DA8236}.Release|Any CPU.ActiveCfg = Release|Any CPU
		{50ED07C2-B608-440B-A645-5B8392DA8236}.Release|Any CPU.Build.0 = Release|Any CPU
		{3133B5CD-0810-4FCD-9BF0-3069C83E5DAD}.Debug|Any CPU.ActiveCfg = Debug|Any CPU
		{3133B5CD-0810-4FCD-9BF0-3069C83E5DAD}.Debug|Any CPU.Build.0 = Debug|Any CPU
		{3133B5CD-0810-4FCD-9BF0-3069C83E5DAD}.Release|Any CPU.ActiveCfg = Release|Any CPU
		{3133B5CD-0810-4FCD-9BF0-3069C83E5DAD}.Release|Any CPU.Build.0 = Release|Any CPU
		{7B06DDD9-B604-4746-86CD-3D924EE00F53}.Debug|Any CPU.ActiveCfg = Debug|Any CPU
		{7B06DDD9-B604-4746-86CD-3D924EE00F53}.Debug|Any CPU.Build.0 = Debug|Any CPU
		{7B06DDD9-B604-4746-86CD-3D924EE00F53}.Release|Any CPU.ActiveCfg = Release|Any CPU
		{7B06DDD9-B604-4746-86CD-3D924EE00F53}.Release|Any CPU.Build.0 = Release|Any CPU
		{432C680A-936B-449A-84CD-792B32CAF4E9}.Debug|Any CPU.ActiveCfg = Debug|Any CPU
		{432C680A-936B-449A-84CD-792B32CAF4E9}.Debug|Any CPU.Build.0 = Debug|Any CPU
		{432C680A-936B-449A-84CD-792B32CAF4E9}.Release|Any CPU.ActiveCfg = Release|Any CPU
		{432C680A-936B-449A-84CD-792B32CAF4E9}.Release|Any CPU.Build.0 = Release|Any CPU
		{261249CC-5C15-4DF0-95C6-F0EF3E6AA783}.Debug|Any CPU.ActiveCfg = Debug|Any CPU
		{261249CC-5C15-4DF0-95C6-F0EF3E6AA783}.Debug|Any CPU.Build.0 = Debug|Any CPU
		{261249CC-5C15-4DF0-95C6-F0EF3E6AA783}.Release|Any CPU.ActiveCfg = Release|Any CPU
		{261249CC-5C15-4DF0-95C6-F0EF3E6AA783}.Release|Any CPU.Build.0 = Release|Any CPU
		{436A9CAA-AFA5-4F8D-BEA3-42F189C81C19}.Debug|Any CPU.ActiveCfg = Debug|Any CPU
		{436A9CAA-AFA5-4F8D-BEA3-42F189C81C19}.Debug|Any CPU.Build.0 = Debug|Any CPU
		{436A9CAA-AFA5-4F8D-BEA3-42F189C81C19}.Release|Any CPU.ActiveCfg = Release|Any CPU
		{436A9CAA-AFA5-4F8D-BEA3-42F189C81C19}.Release|Any CPU.Build.0 = Release|Any CPU
		{AD916D78-26BD-4365-94EC-A1C2C77F8222}.Debug|Any CPU.ActiveCfg = Debug|Any CPU
		{AD916D78-26BD-4365-94EC-A1C2C77F8222}.Debug|Any CPU.Build.0 = Debug|Any CPU
		{AD916D78-26BD-4365-94EC-A1C2C77F8222}.Release|Any CPU.ActiveCfg = Release|Any CPU
		{AD916D78-26BD-4365-94EC-A1C2C77F8222}.Release|Any CPU.Build.0 = Release|Any CPU
	EndGlobalSection
	GlobalSection(SolutionProperties) = preSolution
		HideSolutionNode = FALSE
	EndGlobalSection
EndGlobal
